
Microsoft Visual Studio Solution File, Format Version 12.00
# Visual Studio Version 16
VisualStudioVersion = 16.0.29503.13
MinimumVisualStudioVersion = 10.0.40219.1
Project("{FAE04EC0-301F-11D3-BF4B-00C04F79EFBC}") = "AvatarRotator", "AvatarRotator\AvatarRotator.csproj", "{A5E6AFE0-2FD5-4DD0-9EB2-7CF854E31156}"
EndProject
Project("{FAE04EC0-301F-11D3-BF4B-00C04F79EFBC}") = "MortisAuthenticator", "MortisAuthenticator\MortisAuthenticator.csproj", "{2592B5A2-6667-4EFF-BFA6-2155AC830276}"
EndProject
Global
	GlobalSection(SolutionConfigurationPlatforms) = preSolution
		Debug|Any CPU = Debug|Any CPU
		Release|Any CPU = Release|Any CPU
	EndGlobalSection
	GlobalSection(ProjectConfigurationPlatforms) = postSolution
		{A5E6AFE0-2FD5-4DD0-9EB2-7CF854E31156}.Debug|Any CPU.ActiveCfg = Debug|Any CPU
		{A5E6AFE0-2FD5-4DD0-9EB2-7CF854E31156}.Debug|Any CPU.Build.0 = Debug|Any CPU
		{A5E6AFE0-2FD5-4DD0-9EB2-7CF854E31156}.Release|Any CPU.ActiveCfg = Release|Any CPU
		{A5E6AFE0-2FD5-4DD0-9EB2-7CF854E31156}.Release|Any CPU.Build.0 = Release|Any CPU
		{2592B5A2-6667-4EFF-BFA6-2155AC830276}.Debug|Any CPU.ActiveCfg = Debug|Any CPU
		{2592B5A2-6667-4EFF-BFA6-2155AC830276}.Debug|Any CPU.Build.0 = Debug|Any CPU
		{2592B5A2-6667-4EFF-BFA6-2155AC830276}.Release|Any CPU.ActiveCfg = Release|Any CPU
		{2592B5A2-6667-4EFF-BFA6-2155AC830276}.Release|Any CPU.Build.0 = Release|Any CPU
	EndGlobalSection
	GlobalSection(SolutionProperties) = preSolution
		HideSolutionNode = FALSE
	EndGlobalSection
	GlobalSection(ExtensibilityGlobals) = postSolution
		SolutionGuid = {BE90EA92-5985-4E33-BAE5-51B127107DDA}
	EndGlobalSection
EndGlobal
